// !$*UTF8*$!
{
	archiveVersion = 1;
	classes = {
	};
	objectVersion = 55;
	objects = {

/* Begin PBXBuildFile section */
		75931DEB5712DE9E4F6B3D2D /* Pods_whatsme.framework in Frameworks */ = {isa = PBXBuildFile; fileRef = 01C1DA4264998538698C84C9 /* Pods_whatsme.framework */; };
		D368057B292909ED00FD5009 /* AppDelegate.swift in Sources */ = {isa = PBXBuildFile; fileRef = D368057A292909ED00FD5009 /* AppDelegate.swift */; };
		D368057F292909ED00FD5009 /* NumberViewController.swift in Sources */ = {isa = PBXBuildFile; fileRef = D368057E292909ED00FD5009 /* NumberViewController.swift */; };
		D3680582292909ED00FD5009 /* Main.storyboard in Resources */ = {isa = PBXBuildFile; fileRef = D3680580292909ED00FD5009 /* Main.storyboard */; };
		D3680584292909EE00FD5009 /* Assets.xcassets in Resources */ = {isa = PBXBuildFile; fileRef = D3680583292909EE00FD5009 /* Assets.xcassets */; };
		D3680587292909EE00FD5009 /* LaunchScreen.storyboard in Resources */ = {isa = PBXBuildFile; fileRef = D3680585292909EE00FD5009 /* LaunchScreen.storyboard */; };
		D38E08B4292946460002DB74 /* color.swift in Sources */ = {isa = PBXBuildFile; fileRef = D38E08B3292946460002DB74 /* color.swift */; };
		D3AA7D2D292C053C00DCF8DD /* NumberPhoneViewModel.swift in Sources */ = {isa = PBXBuildFile; fileRef = D3AA7D2C292C053C00DCF8DD /* NumberPhoneViewModel.swift */; };
		D3AA7D30292C059D00DCF8DD /* UIView.swift in Sources */ = {isa = PBXBuildFile; fileRef = D3AA7D2F292C059D00DCF8DD /* UIView.swift */; };
		D3B687522929878D00DDB8ED /* FiraSans-Thin.ttf in Resources */ = {isa = PBXBuildFile; fileRef = D3B6873F2929878D00DDB8ED /* FiraSans-Thin.ttf */; };
		D3B687532929878D00DDB8ED /* FiraSans-ExtraLightItalic.ttf in Resources */ = {isa = PBXBuildFile; fileRef = D3B687402929878D00DDB8ED /* FiraSans-ExtraLightItalic.ttf */; };
		D3B687542929878D00DDB8ED /* FiraSans-LightItalic.ttf in Resources */ = {isa = PBXBuildFile; fileRef = D3B687412929878D00DDB8ED /* FiraSans-LightItalic.ttf */; };
		D3B687552929878D00DDB8ED /* FiraSans-Medium.ttf in Resources */ = {isa = PBXBuildFile; fileRef = D3B687422929878D00DDB8ED /* FiraSans-Medium.ttf */; };
		D3B687562929878D00DDB8ED /* FiraSans-BoldItalic.ttf in Resources */ = {isa = PBXBuildFile; fileRef = D3B687432929878D00DDB8ED /* FiraSans-BoldItalic.ttf */; };
		D3B687572929878D00DDB8ED /* FiraSans-Bold.ttf in Resources */ = {isa = PBXBuildFile; fileRef = D3B687442929878D00DDB8ED /* FiraSans-Bold.ttf */; };
		D3B687582929878D00DDB8ED /* FiraSans-ExtraLight.ttf in Resources */ = {isa = PBXBuildFile; fileRef = D3B687452929878D00DDB8ED /* FiraSans-ExtraLight.ttf */; };
		D3B687592929878D00DDB8ED /* FiraSans-ThinItalic.ttf in Resources */ = {isa = PBXBuildFile; fileRef = D3B687462929878D00DDB8ED /* FiraSans-ThinItalic.ttf */; };
		D3B6875A2929878D00DDB8ED /* FiraSans-MediumItalic.ttf in Resources */ = {isa = PBXBuildFile; fileRef = D3B687472929878D00DDB8ED /* FiraSans-MediumItalic.ttf */; };
		D3B6875B2929878D00DDB8ED /* FiraSans-BlackItalic.ttf in Resources */ = {isa = PBXBuildFile; fileRef = D3B687482929878D00DDB8ED /* FiraSans-BlackItalic.ttf */; };
		D3B6875C2929878D00DDB8ED /* FiraSans-Light.ttf in Resources */ = {isa = PBXBuildFile; fileRef = D3B687492929878D00DDB8ED /* FiraSans-Light.ttf */; };
		D3B6875D2929878D00DDB8ED /* FiraSans-Black.ttf in Resources */ = {isa = PBXBuildFile; fileRef = D3B6874A2929878D00DDB8ED /* FiraSans-Black.ttf */; };
		D3B6875E2929878D00DDB8ED /* OFL.txt in Resources */ = {isa = PBXBuildFile; fileRef = D3B6874B2929878D00DDB8ED /* OFL.txt */; };
		D3B6875F2929878D00DDB8ED /* FiraSans-ExtraBold.ttf in Resources */ = {isa = PBXBuildFile; fileRef = D3B6874C2929878D00DDB8ED /* FiraSans-ExtraBold.ttf */; };
		D3B687602929878D00DDB8ED /* FiraSans-SemiBold.ttf in Resources */ = {isa = PBXBuildFile; fileRef = D3B6874D2929878D00DDB8ED /* FiraSans-SemiBold.ttf */; };
		D3B687612929878D00DDB8ED /* FiraSans-SemiBoldItalic.ttf in Resources */ = {isa = PBXBuildFile; fileRef = D3B6874E2929878D00DDB8ED /* FiraSans-SemiBoldItalic.ttf */; };
		D3B687622929878D00DDB8ED /* FiraSans-ExtraBoldItalic.ttf in Resources */ = {isa = PBXBuildFile; fileRef = D3B6874F2929878D00DDB8ED /* FiraSans-ExtraBoldItalic.ttf */; };
		D3B687632929878D00DDB8ED /* FiraSans-Regular.ttf in Resources */ = {isa = PBXBuildFile; fileRef = D3B687502929878D00DDB8ED /* FiraSans-Regular.ttf */; };
		D3B687642929878D00DDB8ED /* FiraSans-Italic.ttf in Resources */ = {isa = PBXBuildFile; fileRef = D3B687512929878D00DDB8ED /* FiraSans-Italic.ttf */; };
/* End PBXBuildFile section */

/* Begin PBXFileReference section */
		01C1DA4264998538698C84C9 /* Pods_whatsme.framework */ = {isa = PBXFileReference; explicitFileType = wrapper.framework; includeInIndex = 0; path = Pods_whatsme.framework; sourceTree = BUILT_PRODUCTS_DIR; };
		22B6F24550641A74C3C7FFE3 /* Pods-whatsme.release.xcconfig */ = {isa = PBXFileReference; includeInIndex = 1; lastKnownFileType = text.xcconfig; name = "Pods-whatsme.release.xcconfig"; path = "Target Support Files/Pods-whatsme/Pods-whatsme.release.xcconfig"; sourceTree = "<group>"; };
		D3680577292909ED00FD5009 /* whatsme.app */ = {isa = PBXFileReference; explicitFileType = wrapper.application; includeInIndex = 0; path = whatsme.app; sourceTree = BUILT_PRODUCTS_DIR; };
		D368057A292909ED00FD5009 /* AppDelegate.swift */ = {isa = PBXFileReference; lastKnownFileType = sourcecode.swift; path = AppDelegate.swift; sourceTree = "<group>"; };
		D368057E292909ED00FD5009 /* NumberViewController.swift */ = {isa = PBXFileReference; lastKnownFileType = sourcecode.swift; path = NumberViewController.swift; sourceTree = "<group>"; };
		D3680581292909ED00FD5009 /* Base */ = {isa = PBXFileReference; lastKnownFileType = file.storyboard; name = Base; path = Base.lproj/Main.storyboard; sourceTree = "<group>"; };
		D3680583292909EE00FD5009 /* Assets.xcassets */ = {isa = PBXFileReference; lastKnownFileType = folder.assetcatalog; path = Assets.xcassets; sourceTree = "<group>"; };
		D3680586292909EE00FD5009 /* Base */ = {isa = PBXFileReference; lastKnownFileType = file.storyboard; name = Base; path = Base.lproj/LaunchScreen.storyboard; sourceTree = "<group>"; };
		D3680588292909EE00FD5009 /* Info.plist */ = {isa = PBXFileReference; lastKnownFileType = text.plist.xml; path = Info.plist; sourceTree = "<group>"; };
		D38E08B3292946460002DB74 /* color.swift */ = {isa = PBXFileReference; fileEncoding = 4; lastKnownFileType = sourcecode.swift; path = color.swift; sourceTree = "<group>"; };
		D3AA7D2C292C053C00DCF8DD /* NumberPhoneViewModel.swift */ = {isa = PBXFileReference; lastKnownFileType = sourcecode.swift; path = NumberPhoneViewModel.swift; sourceTree = "<group>"; };
		D3AA7D2F292C059D00DCF8DD /* UIView.swift */ = {isa = PBXFileReference; lastKnownFileType = sourcecode.swift; path = UIView.swift; sourceTree = "<group>"; };
		D3B6873F2929878D00DDB8ED /* FiraSans-Thin.ttf */ = {isa = PBXFileReference; lastKnownFileType = file; path = "FiraSans-Thin.ttf"; sourceTree = "<group>"; };
		D3B687402929878D00DDB8ED /* FiraSans-ExtraLightItalic.ttf */ = {isa = PBXFileReference; lastKnownFileType = file; path = "FiraSans-ExtraLightItalic.ttf"; sourceTree = "<group>"; };
		D3B687412929878D00DDB8ED /* FiraSans-LightItalic.ttf */ = {isa = PBXFileReference; lastKnownFileType = file; path = "FiraSans-LightItalic.ttf"; sourceTree = "<group>"; };
		D3B687422929878D00DDB8ED /* FiraSans-Medium.ttf */ = {isa = PBXFileReference; lastKnownFileType = file; path = "FiraSans-Medium.ttf"; sourceTree = "<group>"; };
		D3B687432929878D00DDB8ED /* FiraSans-BoldItalic.ttf */ = {isa = PBXFileReference; lastKnownFileType = file; path = "FiraSans-BoldItalic.ttf"; sourceTree = "<group>"; };
		D3B687442929878D00DDB8ED /* FiraSans-Bold.ttf */ = {isa = PBXFileReference; lastKnownFileType = file; path = "FiraSans-Bold.ttf"; sourceTree = "<group>"; };
		D3B687452929878D00DDB8ED /* FiraSans-ExtraLight.ttf */ = {isa = PBXFileReference; lastKnownFileType = file; path = "FiraSans-ExtraLight.ttf"; sourceTree = "<group>"; };
		D3B687462929878D00DDB8ED /* FiraSans-ThinItalic.ttf */ = {isa = PBXFileReference; lastKnownFileType = file; path = "FiraSans-ThinItalic.ttf"; sourceTree = "<group>"; };
		D3B687472929878D00DDB8ED /* FiraSans-MediumItalic.ttf */ = {isa = PBXFileReference; lastKnownFileType = file; path = "FiraSans-MediumItalic.ttf"; sourceTree = "<group>"; };
		D3B687482929878D00DDB8ED /* FiraSans-BlackItalic.ttf */ = {isa = PBXFileReference; lastKnownFileType = file; path = "FiraSans-BlackItalic.ttf"; sourceTree = "<group>"; };
		D3B687492929878D00DDB8ED /* FiraSans-Light.ttf */ = {isa = PBXFileReference; lastKnownFileType = file; path = "FiraSans-Light.ttf"; sourceTree = "<group>"; };
		D3B6874A2929878D00DDB8ED /* FiraSans-Black.ttf */ = {isa = PBXFileReference; lastKnownFileType = file; path = "FiraSans-Black.ttf"; sourceTree = "<group>"; };
		D3B6874B2929878D00DDB8ED /* OFL.txt */ = {isa = PBXFileReference; fileEncoding = 4; lastKnownFileType = text; path = OFL.txt; sourceTree = "<group>"; };
		D3B6874C2929878D00DDB8ED /* FiraSans-ExtraBold.ttf */ = {isa = PBXFileReference; lastKnownFileType = file; path = "FiraSans-ExtraBold.ttf"; sourceTree = "<group>"; };
		D3B6874D2929878D00DDB8ED /* FiraSans-SemiBold.ttf */ = {isa = PBXFileReference; lastKnownFileType = file; path = "FiraSans-SemiBold.ttf"; sourceTree = "<group>"; };
		D3B6874E2929878D00DDB8ED /* FiraSans-SemiBoldItalic.ttf */ = {isa = PBXFileReference; lastKnownFileType = file; path = "FiraSans-SemiBoldItalic.ttf"; sourceTree = "<group>"; };
		D3B6874F2929878D00DDB8ED /* FiraSans-ExtraBoldItalic.ttf */ = {isa = PBXFileReference; lastKnownFileType = file; path = "FiraSans-ExtraBoldItalic.ttf"; sourceTree = "<group>"; };
		D3B687502929878D00DDB8ED /* FiraSans-Regular.ttf */ = {isa = PBXFileReference; lastKnownFileType = file; path = "FiraSans-Regular.ttf"; sourceTree = "<group>"; };
		D3B687512929878D00DDB8ED /* FiraSans-Italic.ttf */ = {isa = PBXFileReference; lastKnownFileType = file; path = "FiraSans-Italic.ttf"; sourceTree = "<group>"; };
		E7B2049C8F1185E166BBF17C /* Pods-whatsme.debug.xcconfig */ = {isa = PBXFileReference; includeInIndex = 1; lastKnownFileType = text.xcconfig; name = "Pods-whatsme.debug.xcconfig"; path = "Target Support Files/Pods-whatsme/Pods-whatsme.debug.xcconfig"; sourceTree = "<group>"; };
/* End PBXFileReference section */

/* Begin PBXFrameworksBuildPhase section */
		D3680574292909ED00FD5009 /* Frameworks */ = {
			isa = PBXFrameworksBuildPhase;
			buildActionMask = 2147483647;
			files = (
				75931DEB5712DE9E4F6B3D2D /* Pods_whatsme.framework in Frameworks */,
			);
			runOnlyForDeploymentPostprocessing = 0;
		};
/* End PBXFrameworksBuildPhase section */

/* Begin PBXGroup section */
		3D9482568D523F7AAE971E48 /* Frameworks */ = {
			isa = PBXGroup;
			children = (
				01C1DA4264998538698C84C9 /* Pods_whatsme.framework */,
			);
			name = Frameworks;
			sourceTree = "<group>";
		};
		437FA977153F1D9D8ABDD55A /* Pods */ = {
			isa = PBXGroup;
			children = (
				E7B2049C8F1185E166BBF17C /* Pods-whatsme.debug.xcconfig */,
				22B6F24550641A74C3C7FFE3 /* Pods-whatsme.release.xcconfig */,
			);
			path = Pods;
			sourceTree = "<group>";
		};
		D368056E292909ED00FD5009 = {
			isa = PBXGroup;
			children = (
				D3680579292909ED00FD5009 /* whatsme */,
				D3680578292909ED00FD5009 /* Products */,
				437FA977153F1D9D8ABDD55A /* Pods */,
				3D9482568D523F7AAE971E48 /* Frameworks */,
			);
			sourceTree = "<group>";
		};
		D3680578292909ED00FD5009 /* Products */ = {
			isa = PBXGroup;
			children = (
				D3680577292909ED00FD5009 /* whatsme.app */,
			);
			name = Products;
			sourceTree = "<group>";
		};
		D3680579292909ED00FD5009 /* whatsme */ = {
			isa = PBXGroup;
			children = (
				D368058E29290F1D00FD5009 /* AppDelegate */,
				D368059029290F3100FD5009 /* launchscreen */,
				D3AA7D2A292C050700DCF8DD /* Main */,
				D38E08B2292946170002DB74 /* EXtensions + UICustoms */,
				D368059129290F3F00FD5009 /* Assists */,
			);
			path = whatsme;
			sourceTree = "<group>";
		};
		D368058E29290F1D00FD5009 /* AppDelegate */ = {
			isa = PBXGroup;
			children = (
				D368057A292909ED00FD5009 /* AppDelegate.swift */,
			);
			path = AppDelegate;
			sourceTree = "<group>";
		};
		D368058F29290F2800FD5009 /* Screen */ = {
			isa = PBXGroup;
			children = (
				D3680580292909ED00FD5009 /* Main.storyboard */,
			);
			path = Screen;
			sourceTree = "<group>";
		};
		D368059029290F3100FD5009 /* launchscreen */ = {
			isa = PBXGroup;
			children = (
				D3680585292909EE00FD5009 /* LaunchScreen.storyboard */,
			);
			path = launchscreen;
			sourceTree = "<group>";
		};
		D368059129290F3F00FD5009 /* Assists */ = {
			isa = PBXGroup;
			children = (
				D3B6873E2929878D00DDB8ED /* Fira_Sans */,
				D3680583292909EE00FD5009 /* Assets.xcassets */,
				D3680588292909EE00FD5009 /* Info.plist */,
			);
			path = Assists;
			sourceTree = "<group>";
		};
		D38E08B2292946170002DB74 /* EXtensions + UICustoms */ = {
			isa = PBXGroup;
			children = (
				D38E08B3292946460002DB74 /* color.swift */,
				D3AA7D2F292C059D00DCF8DD /* UIView.swift */,
			);
			path = "EXtensions + UICustoms";
			sourceTree = "<group>";
		};
		D3AA7D2A292C050700DCF8DD /* Main */ = {
			isa = PBXGroup;
			children = (
				D3AA7D2B292C052C00DCF8DD /* Number ViewModel */,
				D3AA7D2E292C054000DCF8DD /* Number Controller */,
				D368058F29290F2800FD5009 /* Screen */,
			);
			path = Main;
			sourceTree = "<group>";
		};
		D3AA7D2B292C052C00DCF8DD /* Number ViewModel */ = {
			isa = PBXGroup;
			children = (
				D3AA7D2C292C053C00DCF8DD /* NumberPhoneViewModel.swift */,
			);
			path = "Number ViewModel";
			sourceTree = "<group>";
		};
		D3AA7D2E292C054000DCF8DD /* Number Controller */ = {
			isa = PBXGroup;
			children = (
				D368057E292909ED00FD5009 /* NumberViewController.swift */,
			);
			path = "Number Controller";
			sourceTree = "<group>";
		};
		D3B6873E2929878D00DDB8ED /* Fira_Sans */ = {
			isa = PBXGroup;
			children = (
				D3B6873F2929878D00DDB8ED /* FiraSans-Thin.ttf */,
				D3B687402929878D00DDB8ED /* FiraSans-ExtraLightItalic.ttf */,
				D3B687412929878D00DDB8ED /* FiraSans-LightItalic.ttf */,
				D3B687422929878D00DDB8ED /* FiraSans-Medium.ttf */,
				D3B687432929878D00DDB8ED /* FiraSans-BoldItalic.ttf */,
				D3B687442929878D00DDB8ED /* FiraSans-Bold.ttf */,
				D3B687452929878D00DDB8ED /* FiraSans-ExtraLight.ttf */,
				D3B687462929878D00DDB8ED /* FiraSans-ThinItalic.ttf */,
				D3B687472929878D00DDB8ED /* FiraSans-MediumItalic.ttf */,
				D3B687482929878D00DDB8ED /* FiraSans-BlackItalic.ttf */,
				D3B687492929878D00DDB8ED /* FiraSans-Light.ttf */,
				D3B6874A2929878D00DDB8ED /* FiraSans-Black.ttf */,
				D3B6874B2929878D00DDB8ED /* OFL.txt */,
				D3B6874C2929878D00DDB8ED /* FiraSans-ExtraBold.ttf */,
				D3B6874D2929878D00DDB8ED /* FiraSans-SemiBold.ttf */,
				D3B6874E2929878D00DDB8ED /* FiraSans-SemiBoldItalic.ttf */,
				D3B6874F2929878D00DDB8ED /* FiraSans-ExtraBoldItalic.ttf */,
				D3B687502929878D00DDB8ED /* FiraSans-Regular.ttf */,
				D3B687512929878D00DDB8ED /* FiraSans-Italic.ttf */,
			);
			path = Fira_Sans;
			sourceTree = "<group>";
		};
/* End PBXGroup section */

/* Begin PBXNativeTarget section */
		D3680576292909ED00FD5009 /* whatsme */ = {
			isa = PBXNativeTarget;
			buildConfigurationList = D368058B292909EE00FD5009 /* Build configuration list for PBXNativeTarget "whatsme" */;
			buildPhases = (
				714C8D047AE1CEFC660BF2B3 /* [CP] Check Pods Manifest.lock */,
				D3680573292909ED00FD5009 /* Sources */,
				D3680574292909ED00FD5009 /* Frameworks */,
				D3680575292909ED00FD5009 /* Resources */,
				4F423CB05E72498BE1081C8F /* [CP] Embed Pods Frameworks */,
			);
			buildRules = (
			);
			dependencies = (
			);
			name = whatsme;
			productName = whatsme;
			productReference = D3680577292909ED00FD5009 /* whatsme.app */;
			productType = "com.apple.product-type.application";
		};
/* End PBXNativeTarget section */

/* Begin PBXProject section */
		D368056F292909ED00FD5009 /* Project object */ = {
			isa = PBXProject;
			attributes = {
				BuildIndependentTargetsInParallel = 1;
				LastSwiftUpdateCheck = 1330;
				LastUpgradeCheck = 1330;
				TargetAttributes = {
					D3680576292909ED00FD5009 = {
						CreatedOnToolsVersion = 13.3;
					};
				};
			};
			buildConfigurationList = D3680572292909ED00FD5009 /* Build configuration list for PBXProject "whatsme" */;
			compatibilityVersion = "Xcode 13.0";
			developmentRegion = en;
			hasScannedForEncodings = 0;
			knownRegions = (
				en,
				Base,
			);
			mainGroup = D368056E292909ED00FD5009;
			productRefGroup = D3680578292909ED00FD5009 /* Products */;
			projectDirPath = "";
			projectRoot = "";
			targets = (
				D3680576292909ED00FD5009 /* whatsme */,
			);
		};
/* End PBXProject section */

/* Begin PBXResourcesBuildPhase section */
		D3680575292909ED00FD5009 /* Resources */ = {
			isa = PBXResourcesBuildPhase;
			buildActionMask = 2147483647;
			files = (
				D3B687572929878D00DDB8ED /* FiraSans-Bold.ttf in Resources */,
				D3B687582929878D00DDB8ED /* FiraSans-ExtraLight.ttf in Resources */,
				D3B687602929878D00DDB8ED /* FiraSans-SemiBold.ttf in Resources */,
				D3B687522929878D00DDB8ED /* FiraSans-Thin.ttf in Resources */,
				D3680587292909EE00FD5009 /* LaunchScreen.storyboard in Resources */,
				D3B687642929878D00DDB8ED /* FiraSans-Italic.ttf in Resources */,
				D3B6875F2929878D00DDB8ED /* FiraSans-ExtraBold.ttf in Resources */,
				D3B6875C2929878D00DDB8ED /* FiraSans-Light.ttf in Resources */,
				D3B6875A2929878D00DDB8ED /* FiraSans-MediumItalic.ttf in Resources */,
				D3B6875E2929878D00DDB8ED /* OFL.txt in Resources */,
				D3B687542929878D00DDB8ED /* FiraSans-LightItalic.ttf in Resources */,
				D3B6875B2929878D00DDB8ED /* FiraSans-BlackItalic.ttf in Resources */,
				D3B6875D2929878D00DDB8ED /* FiraSans-Black.ttf in Resources */,
				D3B687552929878D00DDB8ED /* FiraSans-Medium.ttf in Resources */,
				D3B687592929878D00DDB8ED /* FiraSans-ThinItalic.ttf in Resources */,
				D3B687632929878D00DDB8ED /* FiraSans-Regular.ttf in Resources */,
				D3B687532929878D00DDB8ED /* FiraSans-ExtraLightItalic.ttf in Resources */,
				D3B687622929878D00DDB8ED /* FiraSans-ExtraBoldItalic.ttf in Resources */,
				D3B687612929878D00DDB8ED /* FiraSans-SemiBoldItalic.ttf in Resources */,
				D3680584292909EE00FD5009 /* Assets.xcassets in Resources */,
				D3B687562929878D00DDB8ED /* FiraSans-BoldItalic.ttf in Resources */,
				D3680582292909ED00FD5009 /* Main.storyboard in Resources */,
			);
			runOnlyForDeploymentPostprocessing = 0;
		};
/* End PBXResourcesBuildPhase section */

/* Begin PBXShellScriptBuildPhase section */
		4F423CB05E72498BE1081C8F /* [CP] Embed Pods Frameworks */ = {
			isa = PBXShellScriptBuildPhase;
			buildActionMask = 2147483647;
			files = (
			);
			inputFileListPaths = (
				"${PODS_ROOT}/Target Support Files/Pods-whatsme/Pods-whatsme-frameworks-${CONFIGURATION}-input-files.xcfilelist",
			);
			name = "[CP] Embed Pods Frameworks";
			outputFileListPaths = (
				"${PODS_ROOT}/Target Support Files/Pods-whatsme/Pods-whatsme-frameworks-${CONFIGURATION}-output-files.xcfilelist",
			);
			runOnlyForDeploymentPostprocessing = 0;
			shellPath = /bin/sh;
			shellScript = "\"${PODS_ROOT}/Target Support Files/Pods-whatsme/Pods-whatsme-frameworks.sh\"\n";
			showEnvVarsInLog = 0;
		};
		714C8D047AE1CEFC660BF2B3 /* [CP] Check Pods Manifest.lock */ = {
			isa = PBXShellScriptBuildPhase;
			buildActionMask = 2147483647;
			files = (
			);
			inputFileListPaths = (
			);
			inputPaths = (
				"${PODS_PODFILE_DIR_PATH}/Podfile.lock",
				"${PODS_ROOT}/Manifest.lock",
			);
			name = "[CP] Check Pods Manifest.lock";
			outputFileListPaths = (
			);
			outputPaths = (
				"$(DERIVED_FILE_DIR)/Pods-whatsme-checkManifestLockResult.txt",
			);
			runOnlyForDeploymentPostprocessing = 0;
			shellPath = /bin/sh;
			shellScript = "diff \"${PODS_PODFILE_DIR_PATH}/Podfile.lock\" \"${PODS_ROOT}/Manifest.lock\" > /dev/null\nif [ $? != 0 ] ; then\n    # print error to STDERR\n    echo \"error: The sandbox is not in sync with the Podfile.lock. Run 'pod install' or update your CocoaPods installation.\" >&2\n    exit 1\nfi\n# This output is used by Xcode 'outputs' to avoid re-running this script phase.\necho \"SUCCESS\" > \"${SCRIPT_OUTPUT_FILE_0}\"\n";
			showEnvVarsInLog = 0;
		};
/* End PBXShellScriptBuildPhase section */

/* Begin PBXSourcesBuildPhase section */
		D3680573292909ED00FD5009 /* Sources */ = {
			isa = PBXSourcesBuildPhase;
			buildActionMask = 2147483647;
			files = (
				D3AA7D30292C059D00DCF8DD /* UIView.swift in Sources */,
				D3AA7D2D292C053C00DCF8DD /* NumberPhoneViewModel.swift in Sources */,
				D38E08B4292946460002DB74 /* color.swift in Sources */,
				D368057F292909ED00FD5009 /* NumberViewController.swift in Sources */,
				D368057B292909ED00FD5009 /* AppDelegate.swift in Sources */,
			);
			runOnlyForDeploymentPostprocessing = 0;
		};
/* End PBXSourcesBuildPhase section */

/* Begin PBXVariantGroup section */
		D3680580292909ED00FD5009 /* Main.storyboard */ = {
			isa = PBXVariantGroup;
			children = (
				D3680581292909ED00FD5009 /* Base */,
			);
			name = Main.storyboard;
			sourceTree = "<group>";
		};
		D3680585292909EE00FD5009 /* LaunchScreen.storyboard */ = {
			isa = PBXVariantGroup;
			children = (
				D3680586292909EE00FD5009 /* Base */,
			);
			name = LaunchScreen.storyboard;
			sourceTree = "<group>";
		};
/* End PBXVariantGroup section */

/* Begin XCBuildConfiguration section */
		D3680589292909EE00FD5009 /* Debug */ = {
			isa = XCBuildConfiguration;
			buildSettings = {
				ALWAYS_SEARCH_USER_PATHS = NO;
				CLANG_ANALYZER_NONNULL = YES;
				CLANG_ANALYZER_NUMBER_OBJECT_CONVERSION = YES_AGGRESSIVE;
				CLANG_CXX_LANGUAGE_STANDARD = "gnu++17";
				CLANG_ENABLE_MODULES = YES;
				CLANG_ENABLE_OBJC_ARC = YES;
				CLANG_ENABLE_OBJC_WEAK = YES;
				CLANG_WARN_BLOCK_CAPTURE_AUTORELEASING = YES;
				CLANG_WARN_BOOL_CONVERSION = YES;
				CLANG_WARN_COMMA = YES;
				CLANG_WARN_CONSTANT_CONVERSION = YES;
				CLANG_WARN_DEPRECATED_OBJC_IMPLEMENTATIONS = YES;
				CLANG_WARN_DIRECT_OBJC_ISA_USAGE = YES_ERROR;
				CLANG_WARN_DOCUMENTATION_COMMENTS = YES;
				CLANG_WARN_EMPTY_BODY = YES;
				CLANG_WARN_ENUM_CONVERSION = YES;
				CLANG_WARN_INFINITE_RECURSION = YES;
				CLANG_WARN_INT_CONVERSION = YES;
				CLANG_WARN_NON_LITERAL_NULL_CONVERSION = YES;
				CLANG_WARN_OBJC_IMPLICIT_RETAIN_SELF = YES;
				CLANG_WARN_OBJC_LITERAL_CONVERSION = YES;
				CLANG_WARN_OBJC_ROOT_CLASS = YES_ERROR;
				CLANG_WARN_QUOTED_INCLUDE_IN_FRAMEWORK_HEADER = YES;
				CLANG_WARN_RANGE_LOOP_ANALYSIS = YES;
				CLANG_WARN_STRICT_PROTOTYPES = YES;
				CLANG_WARN_SUSPICIOUS_MOVE = YES;
				CLANG_WARN_UNGUARDED_AVAILABILITY = YES_AGGRESSIVE;
				CLANG_WARN_UNREACHABLE_CODE = YES;
				CLANG_WARN__DUPLICATE_METHOD_MATCH = YES;
				COPY_PHASE_STRIP = NO;
				DEBUG_INFORMATION_FORMAT = dwarf;
				ENABLE_STRICT_OBJC_MSGSEND = YES;
				ENABLE_TESTABILITY = YES;
				GCC_C_LANGUAGE_STANDARD = gnu11;
				GCC_DYNAMIC_NO_PIC = NO;
				GCC_NO_COMMON_BLOCKS = YES;
				GCC_OPTIMIZATION_LEVEL = 0;
				GCC_PREPROCESSOR_DEFINITIONS = (
					"DEBUG=1",
					"$(inherited)",
				);
				GCC_WARN_64_TO_32_BIT_CONVERSION = YES;
				GCC_WARN_ABOUT_RETURN_TYPE = YES_ERROR;
				GCC_WARN_UNDECLARED_SELECTOR = YES;
				GCC_WARN_UNINITIALIZED_AUTOS = YES_AGGRESSIVE;
				GCC_WARN_UNUSED_FUNCTION = YES;
				GCC_WARN_UNUSED_VARIABLE = YES;
				IPHONEOS_DEPLOYMENT_TARGET = 15.4;
				MTL_ENABLE_DEBUG_INFO = INCLUDE_SOURCE;
				MTL_FAST_MATH = YES;
				ONLY_ACTIVE_ARCH = YES;
				SDKROOT = iphoneos;
				SWIFT_ACTIVE_COMPILATION_CONDITIONS = DEBUG;
				SWIFT_OPTIMIZATION_LEVEL = "-Onone";
			};
			name = Debug;
		};
		D368058A292909EE00FD5009 /* Release */ = {
			isa = XCBuildConfiguration;
			buildSettings = {
				ALWAYS_SEARCH_USER_PATHS = NO;
				CLANG_ANALYZER_NONNULL = YES;
				CLANG_ANALYZER_NUMBER_OBJECT_CONVERSION = YES_AGGRESSIVE;
				CLANG_CXX_LANGUAGE_STANDARD = "gnu++17";
				CLANG_ENABLE_MODULES = YES;
				CLANG_ENABLE_OBJC_ARC = YES;
				CLANG_ENABLE_OBJC_WEAK = YES;
				CLANG_WARN_BLOCK_CAPTURE_AUTORELEASING = YES;
				CLANG_WARN_BOOL_CONVERSION = YES;
				CLANG_WARN_COMMA = YES;
				CLANG_WARN_CONSTANT_CONVERSION = YES;
				CLANG_WARN_DEPRECATED_OBJC_IMPLEMENTATIONS = YES;
				CLANG_WARN_DIRECT_OBJC_ISA_USAGE = YES_ERROR;
				CLANG_WARN_DOCUMENTATION_COMMENTS = YES;
				CLANG_WARN_EMPTY_BODY = YES;
				CLANG_WARN_ENUM_CONVERSION = YES;
				CLANG_WARN_INFINITE_RECURSION = YES;
				CLANG_WARN_INT_CONVERSION = YES;
				CLANG_WARN_NON_LITERAL_NULL_CONVERSION = YES;
				CLANG_WARN_OBJC_IMPLICIT_RETAIN_SELF = YES;
				CLANG_WARN_OBJC_LITERAL_CONVERSION = YES;
				CLANG_WARN_OBJC_ROOT_CLASS = YES_ERROR;
				CLANG_WARN_QUOTED_INCLUDE_IN_FRAMEWORK_HEADER = YES;
				CLANG_WARN_RANGE_LOOP_ANALYSIS = YES;
				CLANG_WARN_STRICT_PROTOTYPES = YES;
				CLANG_WARN_SUSPICIOUS_MOVE = YES;
				CLANG_WARN_UNGUARDED_AVAILABILITY = YES_AGGRESSIVE;
				CLANG_WARN_UNREACHABLE_CODE = YES;
				CLANG_WARN__DUPLICATE_METHOD_MATCH = YES;
				COPY_PHASE_STRIP = NO;
				DEBUG_INFORMATION_FORMAT = "dwarf-with-dsym";
				ENABLE_NS_ASSERTIONS = NO;
				ENABLE_STRICT_OBJC_MSGSEND = YES;
				GCC_C_LANGUAGE_STANDARD = gnu11;
				GCC_NO_COMMON_BLOCKS = YES;
				GCC_WARN_64_TO_32_BIT_CONVERSION = YES;
				GCC_WARN_ABOUT_RETURN_TYPE = YES_ERROR;
				GCC_WARN_UNDECLARED_SELECTOR = YES;
				GCC_WARN_UNINITIALIZED_AUTOS = YES_AGGRESSIVE;
				GCC_WARN_UNUSED_FUNCTION = YES;
				GCC_WARN_UNUSED_VARIABLE = YES;
				IPHONEOS_DEPLOYMENT_TARGET = 15.4;
				MTL_ENABLE_DEBUG_INFO = NO;
				MTL_FAST_MATH = YES;
				SDKROOT = iphoneos;
				SWIFT_COMPILATION_MODE = wholemodule;
				SWIFT_OPTIMIZATION_LEVEL = "-O";
				VALIDATE_PRODUCT = YES;
			};
			name = Release;
		};
		D368058C292909EE00FD5009 /* Debug */ = {
			isa = XCBuildConfiguration;
			baseConfigurationReference = E7B2049C8F1185E166BBF17C /* Pods-whatsme.debug.xcconfig */;
			buildSettings = {
				ASSETCATALOG_COMPILER_APPICON_NAME = AppIcon;
				ASSETCATALOG_COMPILER_GLOBAL_ACCENT_COLOR_NAME = AccentColor;
				CODE_SIGN_STYLE = Automatic;
				CURRENT_PROJECT_VERSION = 1;
				DEVELOPMENT_TEAM = X4YZSY77G5;
				GENERATE_INFOPLIST_FILE = YES;
				INFOPLIST_FILE = whatsme/Assists/Info.plist;
				INFOPLIST_KEY_CFBundleDisplayName = "what'sme";
				INFOPLIST_KEY_UIApplicationSupportsIndirectInputEvents = YES;
				INFOPLIST_KEY_UILaunchStoryboardName = LaunchScreen;
				INFOPLIST_KEY_UIMainStoryboardFile = Main;
				INFOPLIST_KEY_UISupportedInterfaceOrientations_iPad = "UIInterfaceOrientationPortrait UIInterfaceOrientationPortraitUpsideDown UIInterfaceOrientationLandscapeLeft UIInterfaceOrientationLandscapeRight";
				INFOPLIST_KEY_UISupportedInterfaceOrientations_iPhone = "UIInterfaceOrientationPortrait UIInterfaceOrientationLandscapeLeft UIInterfaceOrientationLandscapeRight";
				INFOPLIST_KEY_UIUserInterfaceStyle = Light;
				IPHONEOS_DEPLOYMENT_TARGET = 12.1;
				LD_RUNPATH_SEARCH_PATHS = (
					"$(inherited)",
					"@executable_path/Frameworks",
				);
				MARKETING_VERSION = 1.0;
				PRODUCT_BUNDLE_IDENTIFIER = com.myorginization199.whatsme;
				PRODUCT_NAME = "$(TARGET_NAME)";
				SWIFT_EMIT_LOC_STRINGS = YES;
				SWIFT_VERSION = 5.0;
				TARGETED_DEVICE_FAMILY = 1;
			};
			name = Debug;
		};
		D368058D292909EE00FD5009 /* Release */ = {
			isa = XCBuildConfiguration;
			baseConfigurationReference = 22B6F24550641A74C3C7FFE3 /* Pods-whatsme.release.xcconfig */;
			buildSettings = {
				ASSETCATALOG_COMPILER_APPICON_NAME = AppIcon;
				ASSETCATALOG_COMPILER_GLOBAL_ACCENT_COLOR_NAME = AccentColor;
				CODE_SIGN_STYLE = Automatic;
				CURRENT_PROJECT_VERSION = 1;
				DEVELOPMENT_TEAM = X4YZSY77G5;
				GENERATE_INFOPLIST_FILE = YES;
				INFOPLIST_FILE = whatsme/Assists/Info.plist;
				INFOPLIST_KEY_CFBundleDisplayName = "what'sme";
				INFOPLIST_KEY_UIApplicationSupportsIndirectInputEvents = YES;
				INFOPLIST_KEY_UILaunchStoryboardName = LaunchScreen;
				INFOPLIST_KEY_UIMainStoryboardFile = Main;
				INFOPLIST_KEY_UISupportedInterfaceOrientations_iPad = "UIInterfaceOrientationPortrait UIInterfaceOrientationPortraitUpsideDown UIInterfaceOrientationLandscapeLeft UIInterfaceOrientationLandscapeRight";
				INFOPLIST_KEY_UISupportedInterfaceOrientations_iPhone = "UIInterfaceOrientationPortrait UIInterfaceOrientationLandscapeLeft UIInterfaceOrientationLandscapeRight";
				INFOPLIST_KEY_UIUserInterfaceStyle = Light;
				IPHONEOS_DEPLOYMENT_TARGET = 12.1;
				LD_RUNPATH_SEARCH_PATHS = (
					"$(inherited)",
					"@executable_path/Frameworks",
				);
				MARKETING_VERSION = 1.0;
				PRODUCT_BUNDLE_IDENTIFIER = com.myorginization199.whatsme;
				PRODUCT_NAME = "$(TARGET_NAME)";
				SWIFT_EMIT_LOC_STRINGS = YES;
				SWIFT_VERSION = 5.0;
				TARGETED_DEVICE_FAMILY = 1;
			};
			name = Release;
		};
/* End XCBuildConfiguration section */

/* Begin XCConfigurationList section */
		D3680572292909ED00FD5009 /* Build configuration list for PBXProject "whatsme" */ = {
			isa = XCConfigurationList;
			buildConfigurations = (
				D3680589292909EE00FD5009 /* Debug */,
				D368058A292909EE00FD5009 /* Release */,
			);
			defaultConfigurationIsVisible = 0;
			defaultConfigurationName = Release;
		};
		D368058B292909EE00FD5009 /* Build configuration list for PBXNativeTarget "whatsme" */ = {
			isa = XCConfigurationList;
			buildConfigurations = (
				D368058C292909EE00FD5009 /* Debug */,
				D368058D292909EE00FD5009 /* Release */,
			);
			defaultConfigurationIsVisible = 0;
			defaultConfigurationName = Release;
		};
/* End XCConfigurationList section */
	};
	rootObject = D368056F292909ED00FD5009 /* Project object */;
}
